
Microsoft Visual Studio Solution File, Format Version 12.00
# Visual Studio 15
VisualStudioVersion = 15.0.26124.0
MinimumVisualStudioVersion = 15.0.26124.0
Project("{FAE04EC0-301F-11D3-BF4B-00C04F79EFBC}") = "QuickBuy.Dominio", "QuickBuy.Dominio\QuickBuy.Dominio.csproj", "{68527129-7A7C-4C38-83D9-9AAF41892503}"
EndProject
Project("{FAE04EC0-301F-11D3-BF4B-00C04F79EFBC}") = "QuickBuy.Repositorio", "QuickBuy.Repositorio\QuickBuy.Repositorio.csproj", "{3D1B7EB0-F264-49B4-80F3-F1428EF7A11F}"
EndProject
Project("{FAE04EC0-301F-11D3-BF4B-00C04F79EFBC}") = "QuickBuy.Web", "QuickBuy.Web\QuickBuy.Web.csproj", "{2A5A4071-9300-4B44-A1FD-4862FA8718B0}"
EndProject
Global
	GlobalSection(SolutionConfigurationPlatforms) = preSolution
		Debug|Any CPU = Debug|Any CPU
		Debug|x64 = Debug|x64
		Debug|x86 = Debug|x86
		Release|Any CPU = Release|Any CPU
		Release|x64 = Release|x64
		Release|x86 = Release|x86
	EndGlobalSection
	GlobalSection(SolutionProperties) = preSolution
		HideSolutionNode = FALSE
	EndGlobalSection
	GlobalSection(ProjectConfigurationPlatforms) = postSolution
		{68527129-7A7C-4C38-83D9-9AAF41892503}.Debug|Any CPU.ActiveCfg = Debug|Any CPU
		{68527129-7A7C-4C38-83D9-9AAF41892503}.Debug|Any CPU.Build.0 = Debug|Any CPU
		{68527129-7A7C-4C38-83D9-9AAF41892503}.Debug|x64.ActiveCfg = Debug|Any CPU
		{68527129-7A7C-4C38-83D9-9AAF41892503}.Debug|x64.Build.0 = Debug|Any CPU
		{68527129-7A7C-4C38-83D9-9AAF41892503}.Debug|x86.ActiveCfg = Debug|Any CPU
		{68527129-7A7C-4C38-83D9-9AAF41892503}.Debug|x86.Build.0 = Debug|Any CPU
		{68527129-7A7C-4C38-83D9-9AAF41892503}.Release|Any CPU.ActiveCfg = Release|Any CPU
		{68527129-7A7C-4C38-83D9-9AAF41892503}.Release|Any CPU.Build.0 = Release|Any CPU
		{68527129-7A7C-4C38-83D9-9AAF41892503}.Release|x64.ActiveCfg = Release|Any CPU
		{68527129-7A7C-4C38-83D9-9AAF41892503}.Release|x64.Build.0 = Release|Any CPU
		{68527129-7A7C-4C38-83D9-9AAF41892503}.Release|x86.ActiveCfg = Release|Any CPU
		{68527129-7A7C-4C38-83D9-9AAF41892503}.Release|x86.Build.0 = Release|Any CPU
		{3D1B7EB0-F264-49B4-80F3-F1428EF7A11F}.Debug|Any CPU.ActiveCfg = Debug|Any CPU
		{3D1B7EB0-F264-49B4-80F3-F1428EF7A11F}.Debug|Any CPU.Build.0 = Debug|Any CPU
		{3D1B7EB0-F264-49B4-80F3-F1428EF7A11F}.Debug|x64.ActiveCfg = Debug|Any CPU
		{3D1B7EB0-F264-49B4-80F3-F1428EF7A11F}.Debug|x64.Build.0 = Debug|Any CPU
		{3D1B7EB0-F264-49B4-80F3-F1428EF7A11F}.Debug|x86.ActiveCfg = Debug|Any CPU
		{3D1B7EB0-F264-49B4-80F3-F1428EF7A11F}.Debug|x86.Build.0 = Debug|Any CPU
		{3D1B7EB0-F264-49B4-80F3-F1428EF7A11F}.Release|Any CPU.ActiveCfg = Release|Any CPU
		{3D1B7EB0-F264-49B4-80F3-F1428EF7A11F}.Release|Any CPU.Build.0 = Release|Any CPU
		{3D1B7EB0-F264-49B4-80F3-F1428EF7A11F}.Release|x64.ActiveCfg = Release|Any CPU
		{3D1B7EB0-F264-49B4-80F3-F1428EF7A11F}.Release|x64.Build.0 = Release|Any CPU
		{3D1B7EB0-F264-49B4-80F3-F1428EF7A11F}.Release|x86.ActiveCfg = Release|Any CPU
		{3D1B7EB0-F264-49B4-80F3-F1428EF7A11F}.Release|x86.Build.0 = Release|Any CPU
		{2A5A4071-9300-4B44-A1FD-4862FA8718B0}.Debug|Any CPU.ActiveCfg = Debug|Any CPU
		{2A5A4071-9300-4B44-A1FD-4862FA8718B0}.Debug|Any CPU.Build.0 = Debug|Any CPU
		{2A5A4071-9300-4B44-A1FD-4862FA8718B0}.Debug|x64.ActiveCfg = Debug|Any CPU
		{2A5A4071-9300-4B44-A1FD-4862FA8718B0}.Debug|x64.Build.0 = Debug|Any CPU
		{2A5A4071-9300-4B44-A1FD-4862FA8718B0}.Debug|x86.ActiveCfg = Debug|Any CPU
		{2A5A4071-9300-4B44-A1FD-4862FA8718B0}.Debug|x86.Build.0 = Debug|Any CPU
		{2A5A4071-9300-4B44-A1FD-4862FA8718B0}.Release|Any CPU.ActiveCfg = Release|Any CPU
		{2A5A4071-9300-4B44-A1FD-4862FA8718B0}.Release|Any CPU.Build.0 = Release|Any CPU
		{2A5A4071-9300-4B44-A1FD-4862FA8718B0}.Release|x64.ActiveCfg = Release|Any CPU
		{2A5A4071-9300-4B44-A1FD-4862FA8718B0}.Release|x64.Build.0 = Release|Any CPU
		{2A5A4071-9300-4B44-A1FD-4862FA8718B0}.Release|x86.ActiveCfg = Release|Any CPU
		{2A5A4071-9300-4B44-A1FD-4862FA8718B0}.Release|x86.Build.0 = Release|Any CPU
	EndGlobalSection
EndGlobal
